
Microsoft Visual Studio Solution File, Format Version 12.00
# Visual Studio 15
VisualStudioVersion = 15.0.28307.168
MinimumVisualStudioVersion = 10.0.40219.1
Project("{FAE04EC0-301F-11D3-BF4B-00C04F79EFBC}") = "WritingPlatform.Web", "WritingPlatform.Web\WritingPlatform.Web.csproj", "{149F4EF9-2D89-4C71-9CEC-6C7D2498BAC2}"
EndProject
Project("{FAE04EC0-301F-11D3-BF4B-00C04F79EFBC}") = "WritingPlatform.DataLayer", "WritingPlatform.DataLayer\WritingPlatform.DataLayer.csproj", "{A675B170-C41C-4AE8-9D0E-4860F6FFBE1B}"
EndProject
Project("{FAE04EC0-301F-11D3-BF4B-00C04F79EFBC}") = "WritingPlatform.BusinessLayer", "WritingPlatform.BusinessLayer\WritingPlatform.BusinessLayer.csproj", "{BA5FF66B-D47B-42B6-B0A8-3200B289C759}"
EndProject
Global
	GlobalSection(SolutionConfigurationPlatforms) = preSolution
		Debug|Any CPU = Debug|Any CPU
		Release|Any CPU = Release|Any CPU
	EndGlobalSection
	GlobalSection(ProjectConfigurationPlatforms) = postSolution
		{149F4EF9-2D89-4C71-9CEC-6C7D2498BAC2}.Debug|Any CPU.ActiveCfg = Debug|Any CPU
		{149F4EF9-2D89-4C71-9CEC-6C7D2498BAC2}.Debug|Any CPU.Build.0 = Debug|Any CPU
		{149F4EF9-2D89-4C71-9CEC-6C7D2498BAC2}.Release|Any CPU.ActiveCfg = Release|Any CPU
		{149F4EF9-2D89-4C71-9CEC-6C7D2498BAC2}.Release|Any CPU.Build.0 = Release|Any CPU
		{A675B170-C41C-4AE8-9D0E-4860F6FFBE1B}.Debug|Any CPU.ActiveCfg = Debug|Any CPU
		{A675B170-C41C-4AE8-9D0E-4860F6FFBE1B}.Debug|Any CPU.Build.0 = Debug|Any CPU
		{A675B170-C41C-4AE8-9D0E-4860F6FFBE1B}.Release|Any CPU.ActiveCfg = Release|Any CPU
		{A675B170-C41C-4AE8-9D0E-4860F6FFBE1B}.Release|Any CPU.Build.0 = Release|Any CPU
		{BA5FF66B-D47B-42B6-B0A8-3200B289C759}.Debug|Any CPU.ActiveCfg = Debug|Any CPU
		{BA5FF66B-D47B-42B6-B0A8-3200B289C759}.Debug|Any CPU.Build.0 = Debug|Any CPU
		{BA5FF66B-D47B-42B6-B0A8-3200B289C759}.Release|Any CPU.ActiveCfg = Release|Any CPU
		{BA5FF66B-D47B-42B6-B0A8-3200B289C759}.Release|Any CPU.Build.0 = Release|Any CPU
	EndGlobalSection
	GlobalSection(SolutionProperties) = preSolution
		HideSolutionNode = FALSE
	EndGlobalSection
	GlobalSection(ExtensibilityGlobals) = postSolution
		SolutionGuid = {30A6D36D-15AB-4F55-9335-7F09D45E0C3B}
	EndGlobalSection
EndGlobal
